// !$*UTF8*$!
{
	archiveVersion = 1;
	classes = {
	};
	objectVersion = 46;
	objects = {

/* Begin PBXBuildFile section */
		3118406F1D793C1400C489C5 /* cellPayment.m in Sources */ = {isa = PBXBuildFile; fileRef = 3118406D1D793C1400C489C5 /* cellPayment.m */; };
		311840701D793C1400C489C5 /* cellPayment.xib in Resources */ = {isa = PBXBuildFile; fileRef = 3118406E1D793C1400C489C5 /* cellPayment.xib */; };
		3118408C1D79481A00C489C5 /* NSDictionary+ObjectMapper.m in Sources */ = {isa = PBXBuildFile; fileRef = 311840751D79481A00C489C5 /* NSDictionary+ObjectMapper.m */; };
		3118408D1D79481A00C489C5 /* NSObject+ObjectMapper.m in Sources */ = {isa = PBXBuildFile; fileRef = 311840771D79481A00C489C5 /* NSObject+ObjectMapper.m */; };
		3118408E1D79481A00C489C5 /* ManagedObjectInstanceProvider.m in Sources */ = {isa = PBXBuildFile; fileRef = 3118407B1D79481A00C489C5 /* ManagedObjectInstanceProvider.m */; };
		3118408F1D79481A00C489C5 /* ObjectInstanceProvider.m in Sources */ = {isa = PBXBuildFile; fileRef = 3118407D1D79481A00C489C5 /* ObjectInstanceProvider.m */; };
		311840901D79481A00C489C5 /* CommonLoggingProvider.m in Sources */ = {isa = PBXBuildFile; fileRef = 311840801D79481A00C489C5 /* CommonLoggingProvider.m */; };
		311840911D79481A00C489C5 /* InCodeMappingProvider.m in Sources */ = {isa = PBXBuildFile; fileRef = 311840851D79481A00C489C5 /* InCodeMappingProvider.m */; };
		311840921D79481A00C489C5 /* ObjectMapper.m in Sources */ = {isa = PBXBuildFile; fileRef = 311840881D79481A00C489C5 /* ObjectMapper.m */; };
		311840931D79481A00C489C5 /* ObjectMappingInfo.m in Sources */ = {isa = PBXBuildFile; fileRef = 3118408A1D79481A00C489C5 /* ObjectMappingInfo.m */; };
		311840AE1D79482B00C489C5 /* NSObject+SBJson.m in Sources */ = {isa = PBXBuildFile; fileRef = 311840961D79482B00C489C5 /* NSObject+SBJson.m */; };
		311840AF1D79482B00C489C5 /* SBJsonParser.m in Sources */ = {isa = PBXBuildFile; fileRef = 311840991D79482B00C489C5 /* SBJsonParser.m */; };
		311840B01D79482B00C489C5 /* SBJsonStreamParser.m in Sources */ = {isa = PBXBuildFile; fileRef = 3118409B1D79482B00C489C5 /* SBJsonStreamParser.m */; };
		311840B11D79482B00C489C5 /* SBJsonStreamParserAccumulator.m in Sources */ = {isa = PBXBuildFile; fileRef = 3118409D1D79482B00C489C5 /* SBJsonStreamParserAccumulator.m */; };
		311840B21D79482B00C489C5 /* SBJsonStreamParserAdapter.m in Sources */ = {isa = PBXBuildFile; fileRef = 3118409F1D79482B00C489C5 /* SBJsonStreamParserAdapter.m */; };
		311840B31D79482B00C489C5 /* SBJsonStreamParserState.m in Sources */ = {isa = PBXBuildFile; fileRef = 311840A11D79482B00C489C5 /* SBJsonStreamParserState.m */; };
		311840B41D79482B00C489C5 /* SBJsonStreamWriter.m in Sources */ = {isa = PBXBuildFile; fileRef = 311840A31D79482B00C489C5 /* SBJsonStreamWriter.m */; };
		311840B51D79482B00C489C5 /* SBJsonStreamWriterAccumulator.m in Sources */ = {isa = PBXBuildFile; fileRef = 311840A51D79482B00C489C5 /* SBJsonStreamWriterAccumulator.m */; };
		311840B61D79482B00C489C5 /* SBJsonStreamWriterState.m in Sources */ = {isa = PBXBuildFile; fileRef = 311840A71D79482B00C489C5 /* SBJsonStreamWriterState.m */; };
		311840B71D79482B00C489C5 /* SBJsonTokeniser.m in Sources */ = {isa = PBXBuildFile; fileRef = 311840A91D79482B00C489C5 /* SBJsonTokeniser.m */; };
		311840B81D79482B00C489C5 /* SBJsonUTF8Stream.m in Sources */ = {isa = PBXBuildFile; fileRef = 311840AB1D79482B00C489C5 /* SBJsonUTF8Stream.m */; };
		311840B91D79482B00C489C5 /* SBJsonWriter.m in Sources */ = {isa = PBXBuildFile; fileRef = 311840AD1D79482B00C489C5 /* SBJsonWriter.m */; };
		311840BC1D79488C00C489C5 /* Declarations.m in Sources */ = {isa = PBXBuildFile; fileRef = 311840BB1D79488C00C489C5 /* Declarations.m */; };
		311840BF1D7948FE00C489C5 /* WebServices.m in Sources */ = {isa = PBXBuildFile; fileRef = 311840BE1D7948FE00C489C5 /* WebServices.m */; };
		311840C21D7949B100C489C5 /* Parser.m in Sources */ = {isa = PBXBuildFile; fileRef = 311840C11D7949B100C489C5 /* Parser.m */; };
		311840C61D794A1200C489C5 /* ObjectResponse.m in Sources */ = {isa = PBXBuildFile; fileRef = 311840C51D794A1200C489C5 /* ObjectResponse.m */; };
		311840C91D794B2300C489C5 /* OCMapperConfig.m in Sources */ = {isa = PBXBuildFile; fileRef = 311840C81D794B2300C489C5 /* OCMapperConfig.m */; };
		31D8403D1D78FB7800749D20 /* main.m in Sources */ = {isa = PBXBuildFile; fileRef = 31D8403C1D78FB7800749D20 /* main.m */; };
		31D840401D78FB7800749D20 /* AppDelegate.m in Sources */ = {isa = PBXBuildFile; fileRef = 31D8403F1D78FB7800749D20 /* AppDelegate.m */; };
		31D840431D78FB7800749D20 /* HomeController.m in Sources */ = {isa = PBXBuildFile; fileRef = 31D840421D78FB7800749D20 /* HomeController.m */; };
		31D840461D78FB7800749D20 /* Main.storyboard in Resources */ = {isa = PBXBuildFile; fileRef = 31D840441D78FB7800749D20 /* Main.storyboard */; };
		31D840491D78FB7800749D20 /* ProjectFinal.xcdatamodeld in Sources */ = {isa = PBXBuildFile; fileRef = 31D840471D78FB7800749D20 /* ProjectFinal.xcdatamodeld */; };
		31D8404B1D78FB7800749D20 /* Assets.xcassets in Resources */ = {isa = PBXBuildFile; fileRef = 31D8404A1D78FB7800749D20 /* Assets.xcassets */; };
		31D8404E1D78FB7800749D20 /* LaunchScreen.storyboard in Resources */ = {isa = PBXBuildFile; fileRef = 31D8404C1D78FB7800749D20 /* LaunchScreen.storyboard */; };
		31D8405A1D791FE500749D20 /* Podfile in Resources */ = {isa = PBXBuildFile; fileRef = 31D840591D791FE500749D20 /* Podfile */; };
		31D8405C1D79256200749D20 /* libz.tbd in Frameworks */ = {isa = PBXBuildFile; fileRef = 31D8405B1D79256200749D20 /* libz.tbd */; settings = {ATTRIBUTES = (Required, ); }; };
		31D8405E1D79257200749D20 /* libstdc++.tbd in Frameworks */ = {isa = PBXBuildFile; fileRef = 31D8405D1D79257200749D20 /* libstdc++.tbd */; settings = {ATTRIBUTES = (Required, ); }; };
		99F516E6EA02D9E40DFA2042 /* Pods_ProjectFinal.framework in Frameworks */ = {isa = PBXBuildFile; fileRef = 416BC5852DDCF2EA7622E211 /* Pods_ProjectFinal.framework */; settings = {ATTRIBUTES = (Required, ); }; };
/* End PBXBuildFile section */

/* Begin PBXFileReference section */
		041545D0C3EE5F7AA5800832 /* Pods-ProjectFinal.release.xcconfig */ = {isa = PBXFileReference; includeInIndex = 1; lastKnownFileType = text.xcconfig; name = "Pods-ProjectFinal.release.xcconfig"; path = "Pods/Target Support Files/Pods-ProjectFinal/Pods-ProjectFinal.release.xcconfig"; sourceTree = "<group>"; };
		23A9E22CF32AF6F64DAD34FC /* Pods-ProjectFinal.debug.xcconfig */ = {isa = PBXFileReference; includeInIndex = 1; lastKnownFileType = text.xcconfig; name = "Pods-ProjectFinal.debug.xcconfig"; path = "Pods/Target Support Files/Pods-ProjectFinal/Pods-ProjectFinal.debug.xcconfig"; sourceTree = "<group>"; };
		3118406C1D793C1400C489C5 /* cellPayment.h */ = {isa = PBXFileReference; fileEncoding = 4; lastKnownFileType = sourcecode.c.h; path = cellPayment.h; sourceTree = "<group>"; };
		3118406D1D793C1400C489C5 /* cellPayment.m */ = {isa = PBXFileReference; fileEncoding = 4; lastKnownFileType = sourcecode.c.objc; path = cellPayment.m; sourceTree = "<group>"; };
		3118406E1D793C1400C489C5 /* cellPayment.xib */ = {isa = PBXFileReference; fileEncoding = 4; lastKnownFileType = file.xib; path = cellPayment.xib; sourceTree = "<group>"; };
		311840741D79481A00C489C5 /* NSDictionary+ObjectMapper.h */ = {isa = PBXFileReference; fileEncoding = 4; lastKnownFileType = sourcecode.c.h; path = "NSDictionary+ObjectMapper.h"; sourceTree = "<group>"; };
		311840751D79481A00C489C5 /* NSDictionary+ObjectMapper.m */ = {isa = PBXFileReference; fileEncoding = 4; lastKnownFileType = sourcecode.c.objc; path = "NSDictionary+ObjectMapper.m"; sourceTree = "<group>"; };
		311840761D79481A00C489C5 /* NSObject+ObjectMapper.h */ = {isa = PBXFileReference; fileEncoding = 4; lastKnownFileType = sourcecode.c.h; path = "NSObject+ObjectMapper.h"; sourceTree = "<group>"; };
		311840771D79481A00C489C5 /* NSObject+ObjectMapper.m */ = {isa = PBXFileReference; fileEncoding = 4; lastKnownFileType = sourcecode.c.objc; path = "NSObject+ObjectMapper.m"; sourceTree = "<group>"; };
		311840791D79481A00C489C5 /* InstanceProvider.h */ = {isa = PBXFileReference; fileEncoding = 4; lastKnownFileType = sourcecode.c.h; path = InstanceProvider.h; sourceTree = "<group>"; };
		3118407A1D79481A00C489C5 /* ManagedObjectInstanceProvider.h */ = {isa = PBXFileReference; fileEncoding = 4; lastKnownFileType = sourcecode.c.h; path = ManagedObjectInstanceProvider.h; sourceTree = "<group>"; };
		3118407B1D79481A00C489C5 /* ManagedObjectInstanceProvider.m */ = {isa = PBXFileReference; fileEncoding = 4; lastKnownFileType = sourcecode.c.objc; path = ManagedObjectInstanceProvider.m; sourceTree = "<group>"; };
		3118407C1D79481A00C489C5 /* ObjectInstanceProvider.h */ = {isa = PBXFileReference; fileEncoding = 4; lastKnownFileType = sourcecode.c.h; path = ObjectInstanceProvider.h; sourceTree = "<group>"; };
		3118407D1D79481A00C489C5 /* ObjectInstanceProvider.m */ = {isa = PBXFileReference; fileEncoding = 4; lastKnownFileType = sourcecode.c.objc; path = ObjectInstanceProvider.m; sourceTree = "<group>"; };
		3118407F1D79481A00C489C5 /* CommonLoggingProvider.h */ = {isa = PBXFileReference; fileEncoding = 4; lastKnownFileType = sourcecode.c.h; path = CommonLoggingProvider.h; sourceTree = "<group>"; };
		311840801D79481A00C489C5 /* CommonLoggingProvider.m */ = {isa = PBXFileReference; fileEncoding = 4; lastKnownFileType = sourcecode.c.objc; path = CommonLoggingProvider.m; sourceTree = "<group>"; };
		311840811D79481A00C489C5 /* LoggingProvider.h */ = {isa = PBXFileReference; fileEncoding = 4; lastKnownFileType = sourcecode.c.h; path = LoggingProvider.h; sourceTree = "<group>"; };
		311840841D79481A00C489C5 /* InCodeMappingProvider.h */ = {isa = PBXFileReference; fileEncoding = 4; lastKnownFileType = sourcecode.c.h; path = InCodeMappingProvider.h; sourceTree = "<group>"; };
		311840851D79481A00C489C5 /* InCodeMappingProvider.m */ = {isa = PBXFileReference; fileEncoding = 4; lastKnownFileType = sourcecode.c.objc; path = InCodeMappingProvider.m; sourceTree = "<group>"; };
		311840861D79481A00C489C5 /* MappingProvider.h */ = {isa = PBXFileReference; fileEncoding = 4; lastKnownFileType = sourcecode.c.h; path = MappingProvider.h; sourceTree = "<group>"; };
		311840871D79481A00C489C5 /* ObjectMapper.h */ = {isa = PBXFileReference; fileEncoding = 4; lastKnownFileType = sourcecode.c.h; path = ObjectMapper.h; sourceTree = "<group>"; };
		311840881D79481A00C489C5 /* ObjectMapper.m */ = {isa = PBXFileReference; fileEncoding = 4; lastKnownFileType = sourcecode.c.objc; path = ObjectMapper.m; sourceTree = "<group>"; };
		311840891D79481A00C489C5 /* ObjectMappingInfo.h */ = {isa = PBXFileReference; fileEncoding = 4; lastKnownFileType = sourcecode.c.h; path = ObjectMappingInfo.h; sourceTree = "<group>"; };
		3118408A1D79481A00C489C5 /* ObjectMappingInfo.m */ = {isa = PBXFileReference; fileEncoding = 4; lastKnownFileType = sourcecode.c.objc; path = ObjectMappingInfo.m; sourceTree = "<group>"; };
		3118408B1D79481A00C489C5 /* OCMapper.h */ = {isa = PBXFileReference; fileEncoding = 4; lastKnownFileType = sourcecode.c.h; path = OCMapper.h; sourceTree = "<group>"; };
		311840951D79482B00C489C5 /* NSObject+SBJson.h */ = {isa = PBXFileReference; fileEncoding = 4; lastKnownFileType = sourcecode.c.h; path = "NSObject+SBJson.h"; sourceTree = "<group>"; };
		311840961D79482B00C489C5 /* NSObject+SBJson.m */ = {isa = PBXFileReference; fileEncoding = 4; lastKnownFileType = sourcecode.c.objc; path = "NSObject+SBJson.m"; sourceTree = "<group>"; };
		311840971D79482B00C489C5 /* SBJson.h */ = {isa = PBXFileReference; fileEncoding = 4; lastKnownFileType = sourcecode.c.h; path = SBJson.h; sourceTree = "<group>"; };
		311840981D79482B00C489C5 /* SBJsonParser.h */ = {isa = PBXFileReference; fileEncoding = 4; lastKnownFileType = sourcecode.c.h; path = SBJsonParser.h; sourceTree = "<group>"; };
		311840991D79482B00C489C5 /* SBJsonParser.m */ = {isa = PBXFileReference; fileEncoding = 4; lastKnownFileType = sourcecode.c.objc; path = SBJsonParser.m; sourceTree = "<group>"; };
		3118409A1D79482B00C489C5 /* SBJsonStreamParser.h */ = {isa = PBXFileReference; fileEncoding = 4; lastKnownFileType = sourcecode.c.h; path = SBJsonStreamParser.h; sourceTree = "<group>"; };
		3118409B1D79482B00C489C5 /* SBJsonStreamParser.m */ = {isa = PBXFileReference; fileEncoding = 4; lastKnownFileType = sourcecode.c.objc; path = SBJsonStreamParser.m; sourceTree = "<group>"; };
		3118409C1D79482B00C489C5 /* SBJsonStreamParserAccumulator.h */ = {isa = PBXFileReference; fileEncoding = 4; lastKnownFileType = sourcecode.c.h; path = SBJsonStreamParserAccumulator.h; sourceTree = "<group>"; };
		3118409D1D79482B00C489C5 /* SBJsonStreamParserAccumulator.m */ = {isa = PBXFileReference; fileEncoding = 4; lastKnownFileType = sourcecode.c.objc; path = SBJsonStreamParserAccumulator.m; sourceTree = "<group>"; };
		3118409E1D79482B00C489C5 /* SBJsonStreamParserAdapter.h */ = {isa = PBXFileReference; fileEncoding = 4; lastKnownFileType = sourcecode.c.h; path = SBJsonStreamParserAdapter.h; sourceTree = "<group>"; };
		3118409F1D79482B00C489C5 /* SBJsonStreamParserAdapter.m */ = {isa = PBXFileReference; fileEncoding = 4; lastKnownFileType = sourcecode.c.objc; path = SBJsonStreamParserAdapter.m; sourceTree = "<group>"; };
		311840A01D79482B00C489C5 /* SBJsonStreamParserState.h */ = {isa = PBXFileReference; fileEncoding = 4; lastKnownFileType = sourcecode.c.h; path = SBJsonStreamParserState.h; sourceTree = "<group>"; };
		311840A11D79482B00C489C5 /* SBJsonStreamParserState.m */ = {isa = PBXFileReference; fileEncoding = 4; lastKnownFileType = sourcecode.c.objc; path = SBJsonStreamParserState.m; sourceTree = "<group>"; };
		311840A21D79482B00C489C5 /* SBJsonStreamWriter.h */ = {isa = PBXFileReference; fileEncoding = 4; lastKnownFileType = sourcecode.c.h; path = SBJsonStreamWriter.h; sourceTree = "<group>"; };
		311840A31D79482B00C489C5 /* SBJsonStreamWriter.m */ = {isa = PBXFileReference; fileEncoding = 4; lastKnownFileType = sourcecode.c.objc; path = SBJsonStreamWriter.m; sourceTree = "<group>"; };
		311840A41D79482B00C489C5 /* SBJsonStreamWriterAccumulator.h */ = {isa = PBXFileReference; fileEncoding = 4; lastKnownFileType = sourcecode.c.h; path = SBJsonStreamWriterAccumulator.h; sourceTree = "<group>"; };
		311840A51D79482B00C489C5 /* SBJsonStreamWriterAccumulator.m */ = {isa = PBXFileReference; fileEncoding = 4; lastKnownFileType = sourcecode.c.objc; path = SBJsonStreamWriterAccumulator.m; sourceTree = "<group>"; };
		311840A61D79482B00C489C5 /* SBJsonStreamWriterState.h */ = {isa = PBXFileReference; fileEncoding = 4; lastKnownFileType = sourcecode.c.h; path = SBJsonStreamWriterState.h; sourceTree = "<group>"; };
		311840A71D79482B00C489C5 /* SBJsonStreamWriterState.m */ = {isa = PBXFileReference; fileEncoding = 4; lastKnownFileType = sourcecode.c.objc; path = SBJsonStreamWriterState.m; sourceTree = "<group>"; };
		311840A81D79482B00C489C5 /* SBJsonTokeniser.h */ = {isa = PBXFileReference; fileEncoding = 4; lastKnownFileType = sourcecode.c.h; path = SBJsonTokeniser.h; sourceTree = "<group>"; };
		311840A91D79482B00C489C5 /* SBJsonTokeniser.m */ = {isa = PBXFileReference; fileEncoding = 4; lastKnownFileType = sourcecode.c.objc; path = SBJsonTokeniser.m; sourceTree = "<group>"; };
		311840AA1D79482B00C489C5 /* SBJsonUTF8Stream.h */ = {isa = PBXFileReference; fileEncoding = 4; lastKnownFileType = sourcecode.c.h; path = SBJsonUTF8Stream.h; sourceTree = "<group>"; };
		311840AB1D79482B00C489C5 /* SBJsonUTF8Stream.m */ = {isa = PBXFileReference; fileEncoding = 4; lastKnownFileType = sourcecode.c.objc; path = SBJsonUTF8Stream.m; sourceTree = "<group>"; };
		311840AC1D79482B00C489C5 /* SBJsonWriter.h */ = {isa = PBXFileReference; fileEncoding = 4; lastKnownFileType = sourcecode.c.h; path = SBJsonWriter.h; sourceTree = "<group>"; };
		311840AD1D79482B00C489C5 /* SBJsonWriter.m */ = {isa = PBXFileReference; fileEncoding = 4; lastKnownFileType = sourcecode.c.objc; path = SBJsonWriter.m; sourceTree = "<group>"; };
		311840BA1D79488C00C489C5 /* Declarations.h */ = {isa = PBXFileReference; fileEncoding = 4; lastKnownFileType = sourcecode.c.h; path = Declarations.h; sourceTree = "<group>"; };
		311840BB1D79488C00C489C5 /* Declarations.m */ = {isa = PBXFileReference; fileEncoding = 4; lastKnownFileType = sourcecode.c.objc; path = Declarations.m; sourceTree = "<group>"; };
		311840BD1D7948FE00C489C5 /* WebServices.h */ = {isa = PBXFileReference; fileEncoding = 4; lastKnownFileType = sourcecode.c.h; path = WebServices.h; sourceTree = "<group>"; };
		311840BE1D7948FE00C489C5 /* WebServices.m */ = {isa = PBXFileReference; fileEncoding = 4; lastKnownFileType = sourcecode.c.objc; path = WebServices.m; sourceTree = "<group>"; };
		311840C01D7949B100C489C5 /* Parser.h */ = {isa = PBXFileReference; fileEncoding = 4; lastKnownFileType = sourcecode.c.h; path = Parser.h; sourceTree = "<group>"; };
		311840C11D7949B100C489C5 /* Parser.m */ = {isa = PBXFileReference; fileEncoding = 4; lastKnownFileType = sourcecode.c.objc; path = Parser.m; sourceTree = "<group>"; };
		311840C41D794A1200C489C5 /* ObjectResponse.h */ = {isa = PBXFileReference; fileEncoding = 4; lastKnownFileType = sourcecode.c.h; path = ObjectResponse.h; sourceTree = "<group>"; };
		311840C51D794A1200C489C5 /* ObjectResponse.m */ = {isa = PBXFileReference; fileEncoding = 4; lastKnownFileType = sourcecode.c.objc; path = ObjectResponse.m; sourceTree = "<group>"; };
		311840C71D794B2300C489C5 /* OCMapperConfig.h */ = {isa = PBXFileReference; fileEncoding = 4; lastKnownFileType = sourcecode.c.h; path = OCMapperConfig.h; sourceTree = "<group>"; };
		311840C81D794B2300C489C5 /* OCMapperConfig.m */ = {isa = PBXFileReference; fileEncoding = 4; lastKnownFileType = sourcecode.c.objc; path = OCMapperConfig.m; sourceTree = "<group>"; };
		31D840381D78FB7800749D20 /* ProjectFinal.app */ = {isa = PBXFileReference; explicitFileType = wrapper.application; includeInIndex = 0; path = ProjectFinal.app; sourceTree = BUILT_PRODUCTS_DIR; };
		31D8403C1D78FB7800749D20 /* main.m */ = {isa = PBXFileReference; lastKnownFileType = sourcecode.c.objc; path = main.m; sourceTree = "<group>"; };
		31D8403E1D78FB7800749D20 /* AppDelegate.h */ = {isa = PBXFileReference; lastKnownFileType = sourcecode.c.h; path = AppDelegate.h; sourceTree = "<group>"; };
		31D8403F1D78FB7800749D20 /* AppDelegate.m */ = {isa = PBXFileReference; lastKnownFileType = sourcecode.c.objc; path = AppDelegate.m; sourceTree = "<group>"; };
		31D840411D78FB7800749D20 /* HomeController.h */ = {isa = PBXFileReference; lastKnownFileType = sourcecode.c.h; path = HomeController.h; sourceTree = "<group>"; };
		31D840421D78FB7800749D20 /* HomeController.m */ = {isa = PBXFileReference; lastKnownFileType = sourcecode.c.objc; path = HomeController.m; sourceTree = "<group>"; };
		31D840451D78FB7800749D20 /* Base */ = {isa = PBXFileReference; lastKnownFileType = file.storyboard; name = Base; path = Base.lproj/Main.storyboard; sourceTree = "<group>"; };
		31D840481D78FB7800749D20 /* ProjectFinal.xcdatamodel */ = {isa = PBXFileReference; lastKnownFileType = wrapper.xcdatamodel; path = ProjectFinal.xcdatamodel; sourceTree = "<group>"; };
		31D8404A1D78FB7800749D20 /* Assets.xcassets */ = {isa = PBXFileReference; lastKnownFileType = folder.assetcatalog; path = Assets.xcassets; sourceTree = "<group>"; };
		31D8404D1D78FB7800749D20 /* Base */ = {isa = PBXFileReference; lastKnownFileType = file.storyboard; name = Base; path = Base.lproj/LaunchScreen.storyboard; sourceTree = "<group>"; };
		31D8404F1D78FB7800749D20 /* Info.plist */ = {isa = PBXFileReference; lastKnownFileType = text.plist.xml; path = Info.plist; sourceTree = "<group>"; };
		31D840591D791FE500749D20 /* Podfile */ = {isa = PBXFileReference; fileEncoding = 4; lastKnownFileType = text; name = Podfile; path = ../Podfile; sourceTree = "<group>"; };
		31D8405B1D79256200749D20 /* libz.tbd */ = {isa = PBXFileReference; lastKnownFileType = "sourcecode.text-based-dylib-definition"; name = libz.tbd; path = usr/lib/libz.tbd; sourceTree = SDKROOT; };
		31D8405D1D79257200749D20 /* libstdc++.tbd */ = {isa = PBXFileReference; lastKnownFileType = "sourcecode.text-based-dylib-definition"; name = "libstdc++.tbd"; path = "usr/lib/libstdc++.tbd"; sourceTree = SDKROOT; };
		416BC5852DDCF2EA7622E211 /* Pods_ProjectFinal.framework */ = {isa = PBXFileReference; explicitFileType = wrapper.framework; includeInIndex = 0; path = Pods_ProjectFinal.framework; sourceTree = BUILT_PRODUCTS_DIR; };
/* End PBXFileReference section */

/* Begin PBXFrameworksBuildPhase section */
		31D840351D78FB7800749D20 /* Frameworks */ = {
			isa = PBXFrameworksBuildPhase;
			buildActionMask = 2147483647;
			files = (
				31D8405E1D79257200749D20 /* libstdc++.tbd in Frameworks */,
				31D8405C1D79256200749D20 /* libz.tbd in Frameworks */,
				99F516E6EA02D9E40DFA2042 /* Pods_ProjectFinal.framework in Frameworks */,
			);
			runOnlyForDeploymentPostprocessing = 0;
		};
/* End PBXFrameworksBuildPhase section */

/* Begin PBXGroup section */
		3118406B1D793BDA00C489C5 /* Cells */ = {
			isa = PBXGroup;
			children = (
				3118406C1D793C1400C489C5 /* cellPayment.h */,
				3118406D1D793C1400C489C5 /* cellPayment.m */,
				3118406E1D793C1400C489C5 /* cellPayment.xib */,
			);
			name = Cells;
			sourceTree = "<group>";
		};
		311840711D7947CF00C489C5 /* Classes */ = {
			isa = PBXGroup;
			children = (
				311840941D79482B00C489C5 /* json */,
				311840721D79481A00C489C5 /* ocmapper */,
			);
			name = Classes;
			sourceTree = "<group>";
		};
		311840721D79481A00C489C5 /* ocmapper */ = {
			isa = PBXGroup;
			children = (
				311840731D79481A00C489C5 /* Categories */,
				311840781D79481A00C489C5 /* Instance Provider */,
				3118407E1D79481A00C489C5 /* Logging Provider */,
				311840821D79481A00C489C5 /* Mapping Provider */,
				311840871D79481A00C489C5 /* ObjectMapper.h */,
				311840881D79481A00C489C5 /* ObjectMapper.m */,
				311840891D79481A00C489C5 /* ObjectMappingInfo.h */,
				3118408A1D79481A00C489C5 /* ObjectMappingInfo.m */,
				3118408B1D79481A00C489C5 /* OCMapper.h */,
			);
			path = ocmapper;
			sourceTree = "<group>";
		};
		311840731D79481A00C489C5 /* Categories */ = {
			isa = PBXGroup;
			children = (
				311840741D79481A00C489C5 /* NSDictionary+ObjectMapper.h */,
				311840751D79481A00C489C5 /* NSDictionary+ObjectMapper.m */,
				311840761D79481A00C489C5 /* NSObject+ObjectMapper.h */,
				311840771D79481A00C489C5 /* NSObject+ObjectMapper.m */,
			);
			path = Categories;
			sourceTree = "<group>";
		};
		311840781D79481A00C489C5 /* Instance Provider */ = {
			isa = PBXGroup;
			children = (
				311840791D79481A00C489C5 /* InstanceProvider.h */,
				3118407A1D79481A00C489C5 /* ManagedObjectInstanceProvider.h */,
				3118407B1D79481A00C489C5 /* ManagedObjectInstanceProvider.m */,
				3118407C1D79481A00C489C5 /* ObjectInstanceProvider.h */,
				3118407D1D79481A00C489C5 /* ObjectInstanceProvider.m */,
			);
			path = "Instance Provider";
			sourceTree = "<group>";
		};
		3118407E1D79481A00C489C5 /* Logging Provider */ = {
			isa = PBXGroup;
			children = (
				3118407F1D79481A00C489C5 /* CommonLoggingProvider.h */,
				311840801D79481A00C489C5 /* CommonLoggingProvider.m */,
				311840811D79481A00C489C5 /* LoggingProvider.h */,
			);
			path = "Logging Provider";
			sourceTree = "<group>";
		};
		311840821D79481A00C489C5 /* Mapping Provider */ = {
			isa = PBXGroup;
			children = (
				311840831D79481A00C489C5 /* In Code Mapping */,
				311840861D79481A00C489C5 /* MappingProvider.h */,
			);
			path = "Mapping Provider";
			sourceTree = "<group>";
		};
		311840831D79481A00C489C5 /* In Code Mapping */ = {
			isa = PBXGroup;
			children = (
				311840841D79481A00C489C5 /* InCodeMappingProvider.h */,
				311840851D79481A00C489C5 /* InCodeMappingProvider.m */,
			);
			path = "In Code Mapping";
			sourceTree = "<group>";
		};
		311840941D79482B00C489C5 /* json */ = {
			isa = PBXGroup;
			children = (
				311840951D79482B00C489C5 /* NSObject+SBJson.h */,
				311840961D79482B00C489C5 /* NSObject+SBJson.m */,
				311840971D79482B00C489C5 /* SBJson.h */,
				311840981D79482B00C489C5 /* SBJsonParser.h */,
				311840991D79482B00C489C5 /* SBJsonParser.m */,
				3118409A1D79482B00C489C5 /* SBJsonStreamParser.h */,
				3118409B1D79482B00C489C5 /* SBJsonStreamParser.m */,
				3118409C1D79482B00C489C5 /* SBJsonStreamParserAccumulator.h */,
				3118409D1D79482B00C489C5 /* SBJsonStreamParserAccumulator.m */,
				3118409E1D79482B00C489C5 /* SBJsonStreamParserAdapter.h */,
				3118409F1D79482B00C489C5 /* SBJsonStreamParserAdapter.m */,
				311840A01D79482B00C489C5 /* SBJsonStreamParserState.h */,
				311840A11D79482B00C489C5 /* SBJsonStreamParserState.m */,
				311840A21D79482B00C489C5 /* SBJsonStreamWriter.h */,
				311840A31D79482B00C489C5 /* SBJsonStreamWriter.m */,
				311840A41D79482B00C489C5 /* SBJsonStreamWriterAccumulator.h */,
				311840A51D79482B00C489C5 /* SBJsonStreamWriterAccumulator.m */,
				311840A61D79482B00C489C5 /* SBJsonStreamWriterState.h */,
				311840A71D79482B00C489C5 /* SBJsonStreamWriterState.m */,
				311840A81D79482B00C489C5 /* SBJsonTokeniser.h */,
				311840A91D79482B00C489C5 /* SBJsonTokeniser.m */,
				311840AA1D79482B00C489C5 /* SBJsonUTF8Stream.h */,
				311840AB1D79482B00C489C5 /* SBJsonUTF8Stream.m */,
				311840AC1D79482B00C489C5 /* SBJsonWriter.h */,
				311840AD1D79482B00C489C5 /* SBJsonWriter.m */,
			);
			path = json;
			sourceTree = "<group>";
		};
		311840C31D794A0100C489C5 /* Models */ = {
			isa = PBXGroup;
			children = (
				311840C41D794A1200C489C5 /* ObjectResponse.h */,
				311840C51D794A1200C489C5 /* ObjectResponse.m */,
			);
			name = Models;
			sourceTree = "<group>";
		};
		31D8402F1D78FB7800749D20 = {
			isa = PBXGroup;
			children = (
				31D8403A1D78FB7800749D20 /* ProjectFinal */,
				31D840391D78FB7800749D20 /* Products */,
				64DC670333A9BDC01E076311 /* Pods */,
				FC61C76CDD3EEAC3BDF69DFC /* Frameworks */,
			);
			sourceTree = "<group>";
		};
		31D840391D78FB7800749D20 /* Products */ = {
			isa = PBXGroup;
			children = (
				31D840381D78FB7800749D20 /* ProjectFinal.app */,
			);
			name = Products;
			sourceTree = "<group>";
		};
		31D8403A1D78FB7800749D20 /* ProjectFinal */ = {
			isa = PBXGroup;
			children = (
				311840C31D794A0100C489C5 /* Models */,
				311840711D7947CF00C489C5 /* Classes */,
				3118406B1D793BDA00C489C5 /* Cells */,
				31D840561D7907CA00749D20 /* Controllers */,
				31D840551D7907C100749D20 /* Main */,
				31D840441D78FB7800749D20 /* Main.storyboard */,
				31D8404A1D78FB7800749D20 /* Assets.xcassets */,
				31D8404C1D78FB7800749D20 /* LaunchScreen.storyboard */,
				31D8404F1D78FB7800749D20 /* Info.plist */,
				31D840471D78FB7800749D20 /* ProjectFinal.xcdatamodeld */,
				31D840591D791FE500749D20 /* Podfile */,
				31D8403B1D78FB7800749D20 /* Supporting Files */,
			);
			path = ProjectFinal;
			sourceTree = "<group>";
		};
		31D8403B1D78FB7800749D20 /* Supporting Files */ = {
			isa = PBXGroup;
			children = (
				31D8403C1D78FB7800749D20 /* main.m */,
			);
			name = "Supporting Files";
			sourceTree = "<group>";
		};
		31D840551D7907C100749D20 /* Main */ = {
			isa = PBXGroup;
			children = (
				31D8403E1D78FB7800749D20 /* AppDelegate.h */,
				31D8403F1D78FB7800749D20 /* AppDelegate.m */,
				311840BA1D79488C00C489C5 /* Declarations.h */,
				311840BB1D79488C00C489C5 /* Declarations.m */,
				311840BD1D7948FE00C489C5 /* WebServices.h */,
				311840BE1D7948FE00C489C5 /* WebServices.m */,
				311840C01D7949B100C489C5 /* Parser.h */,
				311840C11D7949B100C489C5 /* Parser.m */,
				311840C71D794B2300C489C5 /* OCMapperConfig.h */,
				311840C81D794B2300C489C5 /* OCMapperConfig.m */,
			);
			name = Main;
			sourceTree = "<group>";
		};
		31D840561D7907CA00749D20 /* Controllers */ = {
			isa = PBXGroup;
			children = (
				31D840411D78FB7800749D20 /* HomeController.h */,
				31D840421D78FB7800749D20 /* HomeController.m */,
			);
			name = Controllers;
			sourceTree = "<group>";
		};
		64DC670333A9BDC01E076311 /* Pods */ = {
			isa = PBXGroup;
			children = (
				23A9E22CF32AF6F64DAD34FC /* Pods-ProjectFinal.debug.xcconfig */,
				041545D0C3EE5F7AA5800832 /* Pods-ProjectFinal.release.xcconfig */,
			);
			name = Pods;
			sourceTree = "<group>";
		};
		FC61C76CDD3EEAC3BDF69DFC /* Frameworks */ = {
			isa = PBXGroup;
			children = (
				31D8405D1D79257200749D20 /* libstdc++.tbd */,
				31D8405B1D79256200749D20 /* libz.tbd */,
				416BC5852DDCF2EA7622E211 /* Pods_ProjectFinal.framework */,
			);
			name = Frameworks;
			sourceTree = "<group>";
		};
/* End PBXGroup section */

/* Begin PBXNativeTarget section */
		31D840371D78FB7800749D20 /* ProjectFinal */ = {
			isa = PBXNativeTarget;
			buildConfigurationList = 31D840521D78FB7800749D20 /* Build configuration list for PBXNativeTarget "ProjectFinal" */;
			buildPhases = (
				76F6F56B9E60A1C2E06FF10E /* [CP] Check Pods Manifest.lock */,
				31D840341D78FB7800749D20 /* Sources */,
				31D840351D78FB7800749D20 /* Frameworks */,
				31D840361D78FB7800749D20 /* Resources */,
				A89D9F14DBBE64CBFDD19A30 /* [CP] Embed Pods Frameworks */,
				BC8FA400431F16272825D267 /* [CP] Copy Pods Resources */,
			);
			buildRules = (
			);
			dependencies = (
			);
			name = ProjectFinal;
			productName = ProjectFinal;
			productReference = 31D840381D78FB7800749D20 /* ProjectFinal.app */;
			productType = "com.apple.product-type.application";
		};
/* End PBXNativeTarget section */

/* Begin PBXProject section */
		31D840301D78FB7800749D20 /* Project object */ = {
			isa = PBXProject;
			attributes = {
				LastUpgradeCheck = 0730;
				ORGANIZATIONNAME = Codelko;
				TargetAttributes = {
					31D840371D78FB7800749D20 = {
						CreatedOnToolsVersion = 7.3.1;
						DevelopmentTeam = QXF33N93KH;
						SystemCapabilities = {
							com.apple.Push = {
								enabled = 1;
							};
						};
					};
				};
			};
			buildConfigurationList = 31D840331D78FB7800749D20 /* Build configuration list for PBXProject "ProjectFinal" */;
			compatibilityVersion = "Xcode 3.2";
			developmentRegion = English;
			hasScannedForEncodings = 0;
			knownRegions = (
				en,
				Base,
			);
			mainGroup = 31D8402F1D78FB7800749D20;
			productRefGroup = 31D840391D78FB7800749D20 /* Products */;
			projectDirPath = "";
			projectRoot = "";
			targets = (
				31D840371D78FB7800749D20 /* ProjectFinal */,
			);
		};
/* End PBXProject section */

/* Begin PBXResourcesBuildPhase section */
		31D840361D78FB7800749D20 /* Resources */ = {
			isa = PBXResourcesBuildPhase;
			buildActionMask = 2147483647;
			files = (
				311840701D793C1400C489C5 /* cellPayment.xib in Resources */,
				31D8404E1D78FB7800749D20 /* LaunchScreen.storyboard in Resources */,
				31D8404B1D78FB7800749D20 /* Assets.xcassets in Resources */,
				31D8405A1D791FE500749D20 /* Podfile in Resources */,
				31D840461D78FB7800749D20 /* Main.storyboard in Resources */,
			);
			runOnlyForDeploymentPostprocessing = 0;
		};
/* End PBXResourcesBuildPhase section */

/* Begin PBXShellScriptBuildPhase section */
		76F6F56B9E60A1C2E06FF10E /* [CP] Check Pods Manifest.lock */ = {
			isa = PBXShellScriptBuildPhase;
			buildActionMask = 2147483647;
			files = (
			);
			inputPaths = (
			);
			name = "[CP] Check Pods Manifest.lock";
			outputPaths = (
			);
			runOnlyForDeploymentPostprocessing = 0;
			shellPath = /bin/sh;
			shellScript = "diff \"${PODS_ROOT}/../Podfile.lock\" \"${PODS_ROOT}/Manifest.lock\" > /dev/null\nif [[ $? != 0 ]] ; then\n    cat << EOM\nerror: The sandbox is not in sync with the Podfile.lock. Run 'pod install' or update your CocoaPods installation.\nEOM\n    exit 1\nfi\n";
			showEnvVarsInLog = 0;
		};
		A89D9F14DBBE64CBFDD19A30 /* [CP] Embed Pods Frameworks */ = {
			isa = PBXShellScriptBuildPhase;
			buildActionMask = 2147483647;
			files = (
			);
			inputPaths = (
			);
			name = "[CP] Embed Pods Frameworks";
			outputPaths = (
			);
			runOnlyForDeploymentPostprocessing = 0;
			shellPath = /bin/sh;
			shellScript = "\"${SRCROOT}/Pods/Target Support Files/Pods-ProjectFinal/Pods-ProjectFinal-frameworks.sh\"\n";
			showEnvVarsInLog = 0;
		};
		BC8FA400431F16272825D267 /* [CP] Copy Pods Resources */ = {
			isa = PBXShellScriptBuildPhase;
			buildActionMask = 2147483647;
			files = (
			);
			inputPaths = (
			);
			name = "[CP] Copy Pods Resources";
			outputPaths = (
			);
			runOnlyForDeploymentPostprocessing = 0;
			shellPath = /bin/sh;
			shellScript = "\"${SRCROOT}/Pods/Target Support Files/Pods-ProjectFinal/Pods-ProjectFinal-resources.sh\"\n";
			showEnvVarsInLog = 0;
		};
/* End PBXShellScriptBuildPhase section */

/* Begin PBXSourcesBuildPhase section */
		31D840341D78FB7800749D20 /* Sources */ = {
			isa = PBXSourcesBuildPhase;
			buildActionMask = 2147483647;
			files = (
				31D840431D78FB7800749D20 /* HomeController.m in Sources */,
				31D840401D78FB7800749D20 /* AppDelegate.m in Sources */,
				311840B11D79482B00C489C5 /* SBJsonStreamParserAccumulator.m in Sources */,
				311840B41D79482B00C489C5 /* SBJsonStreamWriter.m in Sources */,
				311840BF1D7948FE00C489C5 /* WebServices.m in Sources */,
				31D840491D78FB7800749D20 /* ProjectFinal.xcdatamodeld in Sources */,
				311840AF1D79482B00C489C5 /* SBJsonParser.m in Sources */,
				311840901D79481A00C489C5 /* CommonLoggingProvider.m in Sources */,
				3118406F1D793C1400C489C5 /* cellPayment.m in Sources */,
				311840B71D79482B00C489C5 /* SBJsonTokeniser.m in Sources */,
				311840921D79481A00C489C5 /* ObjectMapper.m in Sources */,
				311840B31D79482B00C489C5 /* SBJsonStreamParserState.m in Sources */,
				311840C21D7949B100C489C5 /* Parser.m in Sources */,
				311840B01D79482B00C489C5 /* SBJsonStreamParser.m in Sources */,
				311840AE1D79482B00C489C5 /* NSObject+SBJson.m in Sources */,
				3118408F1D79481A00C489C5 /* ObjectInstanceProvider.m in Sources */,
				3118408D1D79481A00C489C5 /* NSObject+ObjectMapper.m in Sources */,
				3118408C1D79481A00C489C5 /* NSDictionary+ObjectMapper.m in Sources */,
				311840B61D79482B00C489C5 /* SBJsonStreamWriterState.m in Sources */,
				3118408E1D79481A00C489C5 /* ManagedObjectInstanceProvider.m in Sources */,
				311840911D79481A00C489C5 /* InCodeMappingProvider.m in Sources */,
				311840B51D79482B00C489C5 /* SBJsonStreamWriterAccumulator.m in Sources */,
				311840C91D794B2300C489C5 /* OCMapperConfig.m in Sources */,
				31D8403D1D78FB7800749D20 /* main.m in Sources */,
				311840B91D79482B00C489C5 /* SBJsonWriter.m in Sources */,
				311840BC1D79488C00C489C5 /* Declarations.m in Sources */,
				311840931D79481A00C489C5 /* ObjectMappingInfo.m in Sources */,
				311840B21D79482B00C489C5 /* SBJsonStreamParserAdapter.m in Sources */,
				311840C61D794A1200C489C5 /* ObjectResponse.m in Sources */,
				311840B81D79482B00C489C5 /* SBJsonUTF8Stream.m in Sources */,
			);
			runOnlyForDeploymentPostprocessing = 0;
		};
/* End PBXSourcesBuildPhase section */

/* Begin PBXVariantGroup section */
		31D840441D78FB7800749D20 /* Main.storyboard */ = {
			isa = PBXVariantGroup;
			children = (
				31D840451D78FB7800749D20 /* Base */,
			);
			name = Main.storyboard;
			sourceTree = "<group>";
		};
		31D8404C1D78FB7800749D20 /* LaunchScreen.storyboard */ = {
			isa = PBXVariantGroup;
			children = (
				31D8404D1D78FB7800749D20 /* Base */,
			);
			name = LaunchScreen.storyboard;
			sourceTree = "<group>";
		};
/* End PBXVariantGroup section */

/* Begin XCBuildConfiguration section */
		31D840501D78FB7800749D20 /* Debug */ = {
			isa = XCBuildConfiguration;
			buildSettings = {
				ALWAYS_SEARCH_USER_PATHS = NO;
				CLANG_ANALYZER_NONNULL = YES;
				CLANG_CXX_LANGUAGE_STANDARD = "gnu++0x";
				CLANG_CXX_LIBRARY = "libc++";
				CLANG_ENABLE_MODULES = YES;
				CLANG_ENABLE_OBJC_ARC = YES;
				CLANG_WARN_BOOL_CONVERSION = YES;
				CLANG_WARN_CONSTANT_CONVERSION = YES;
				CLANG_WARN_DIRECT_OBJC_ISA_USAGE = YES_ERROR;
				CLANG_WARN_EMPTY_BODY = YES;
				CLANG_WARN_ENUM_CONVERSION = YES;
				CLANG_WARN_INT_CONVERSION = YES;
				CLANG_WARN_OBJC_ROOT_CLASS = YES_ERROR;
				CLANG_WARN_UNREACHABLE_CODE = YES;
				CLANG_WARN__DUPLICATE_METHOD_MATCH = YES;
				"CODE_SIGN_IDENTITY[sdk=iphoneos*]" = "iPhone Developer";
				COPY_PHASE_STRIP = NO;
				DEBUG_INFORMATION_FORMAT = dwarf;
				ENABLE_STRICT_OBJC_MSGSEND = YES;
				ENABLE_TESTABILITY = YES;
				GCC_C_LANGUAGE_STANDARD = gnu99;
				GCC_DYNAMIC_NO_PIC = NO;
				GCC_NO_COMMON_BLOCKS = YES;
				GCC_OPTIMIZATION_LEVEL = 0;
				GCC_PREPROCESSOR_DEFINITIONS = (
					"DEBUG=1",
					"$(inherited)",
				);
				GCC_WARN_64_TO_32_BIT_CONVERSION = YES;
				GCC_WARN_ABOUT_RETURN_TYPE = YES_ERROR;
				GCC_WARN_UNDECLARED_SELECTOR = YES;
				GCC_WARN_UNINITIALIZED_AUTOS = YES_AGGRESSIVE;
				GCC_WARN_UNUSED_FUNCTION = YES;
				GCC_WARN_UNUSED_VARIABLE = YES;
				IPHONEOS_DEPLOYMENT_TARGET = 9.3;
				MTL_ENABLE_DEBUG_INFO = YES;
				ONLY_ACTIVE_ARCH = YES;
				SDKROOT = iphoneos;
			};
			name = Debug;
		};
		31D840511D78FB7800749D20 /* Release */ = {
			isa = XCBuildConfiguration;
			buildSettings = {
				ALWAYS_SEARCH_USER_PATHS = NO;
				CLANG_ANALYZER_NONNULL = YES;
				CLANG_CXX_LANGUAGE_STANDARD = "gnu++0x";
				CLANG_CXX_LIBRARY = "libc++";
				CLANG_ENABLE_MODULES = YES;
				CLANG_ENABLE_OBJC_ARC = YES;
				CLANG_WARN_BOOL_CONVERSION = YES;
				CLANG_WARN_CONSTANT_CONVERSION = YES;
				CLANG_WARN_DIRECT_OBJC_ISA_USAGE = YES_ERROR;
				CLANG_WARN_EMPTY_BODY = YES;
				CLANG_WARN_ENUM_CONVERSION = YES;
				CLANG_WARN_INT_CONVERSION = YES;
				CLANG_WARN_OBJC_ROOT_CLASS = YES_ERROR;
				CLANG_WARN_UNREACHABLE_CODE = YES;
				CLANG_WARN__DUPLICATE_METHOD_MATCH = YES;
				"CODE_SIGN_IDENTITY[sdk=iphoneos*]" = "iPhone Developer";
				COPY_PHASE_STRIP = NO;
				DEBUG_INFORMATION_FORMAT = "dwarf-with-dsym";
				ENABLE_NS_ASSERTIONS = NO;
				ENABLE_STRICT_OBJC_MSGSEND = YES;
				GCC_C_LANGUAGE_STANDARD = gnu99;
				GCC_NO_COMMON_BLOCKS = YES;
				GCC_WARN_64_TO_32_BIT_CONVERSION = YES;
				GCC_WARN_ABOUT_RETURN_TYPE = YES_ERROR;
				GCC_WARN_UNDECLARED_SELECTOR = YES;
				GCC_WARN_UNINITIALIZED_AUTOS = YES_AGGRESSIVE;
				GCC_WARN_UNUSED_FUNCTION = YES;
				GCC_WARN_UNUSED_VARIABLE = YES;
				IPHONEOS_DEPLOYMENT_TARGET = 9.3;
				MTL_ENABLE_DEBUG_INFO = NO;
				SDKROOT = iphoneos;
				VALIDATE_PRODUCT = YES;
			};
			name = Release;
		};
		31D840531D78FB7800749D20 /* Debug */ = {
			isa = XCBuildConfiguration;
			baseConfigurationReference = 23A9E22CF32AF6F64DAD34FC /* Pods-ProjectFinal.debug.xcconfig */;
			buildSettings = {
				ASSETCATALOG_COMPILER_APPICON_NAME = AppIcon;
				CODE_SIGN_IDENTITY = "iPhone Developer";
				"CODE_SIGN_IDENTITY[sdk=iphoneos*]" = "iPhone Developer";
				INFOPLIST_FILE = ProjectFinal/Info.plist;
				LD_RUNPATH_SEARCH_PATHS = "$(inherited) @executable_path/Frameworks";
				PRODUCT_BUNDLE_IDENTIFIER = com.codelko.projectfinal2016;
				PRODUCT_NAME = "$(TARGET_NAME)";
				PROVISIONING_PROFILE = "";
			};
			name = Debug;
		};
		31D840541D78FB7800749D20 /* Release */ = {
			isa = XCBuildConfiguration;
			baseConfigurationReference = 041545D0C3EE5F7AA5800832 /* Pods-ProjectFinal.release.xcconfig */;
			buildSettings = {
				ASSETCATALOG_COMPILER_APPICON_NAME = AppIcon;
				CODE_SIGN_IDENTITY = "iPhone Developer";
				"CODE_SIGN_IDENTITY[sdk=iphoneos*]" = "iPhone Developer";
				INFOPLIST_FILE = ProjectFinal/Info.plist;
				LD_RUNPATH_SEARCH_PATHS = "$(inherited) @executable_path/Frameworks";
				PRODUCT_BUNDLE_IDENTIFIER = com.codelko.projectfinal2016;
				PRODUCT_NAME = "$(TARGET_NAME)";
				PROVISIONING_PROFILE = "";
			};
			name = Release;
		};
/* End XCBuildConfiguration section */

/* Begin XCConfigurationList section */
		31D840331D78FB7800749D20 /* Build configuration list for PBXProject "ProjectFinal" */ = {
			isa = XCConfigurationList;
			buildConfigurations = (
				31D840501D78FB7800749D20 /* Debug */,
				31D840511D78FB7800749D20 /* Release */,
			);
			defaultConfigurationIsVisible = 0;
			defaultConfigurationName = Release;
		};
		31D840521D78FB7800749D20 /* Build configuration list for PBXNativeTarget "ProjectFinal" */ = {
			isa = XCConfigurationList;
			buildConfigurations = (
				31D840531D78FB7800749D20 /* Debug */,
				31D840541D78FB7800749D20 /* Release */,
			);
			defaultConfigurationIsVisible = 0;
			defaultConfigurationName = Release;
		};
/* End XCConfigurationList section */

/* Begin XCVersionGroup section */
		31D840471D78FB7800749D20 /* ProjectFinal.xcdatamodeld */ = {
			isa = XCVersionGroup;
			children = (
				31D840481D78FB7800749D20 /* ProjectFinal.xcdatamodel */,
			);
			currentVersion = 31D840481D78FB7800749D20 /* ProjectFinal.xcdatamodel */;
			path = ProjectFinal.xcdatamodeld;
			sourceTree = "<group>";
			versionGroupType = wrapper.xcdatamodel;
		};
/* End XCVersionGroup section */
	};
	rootObject = 31D840301D78FB7800749D20 /* Project object */;
}
